// !$*UTF8*$!
{
	archiveVersion = 1;
	classes = {
	};
	objectVersion = 46;
	objects = {

/* Begin PBXBuildFile section */
		564D3B951D34D3460070CCB7 /* AppDelegate.swift in Sources */ = {isa = PBXBuildFile; fileRef = 564D3B941D34D3460070CCB7 /* AppDelegate.swift */; };
		564D3B971D34D3460070CCB7 /* ViewController.swift in Sources */ = {isa = PBXBuildFile; fileRef = 564D3B961D34D3460070CCB7 /* ViewController.swift */; };
		564D3B9A1D34D3460070CCB7 /* Main.storyboard in Resources */ = {isa = PBXBuildFile; fileRef = 564D3B981D34D3460070CCB7 /* Main.storyboard */; };
		564D3B9D1D34D3460070CCB7 /* GitTest.xcdatamodeld in Sources */ = {isa = PBXBuildFile; fileRef = 564D3B9B1D34D3460070CCB7 /* GitTest.xcdatamodeld */; };
		564D3B9F1D34D3460070CCB7 /* Assets.xcassets in Resources */ = {isa = PBXBuildFile; fileRef = 564D3B9E1D34D3460070CCB7 /* Assets.xcassets */; };
		564D3BA21D34D3460070CCB7 /* LaunchScreen.storyboard in Resources */ = {isa = PBXBuildFile; fileRef = 564D3BA01D34D3460070CCB7 /* LaunchScreen.storyboard */; };
/* End PBXBuildFile section */

/* Begin PBXFileReference section */
		564D3B911D34D3460070CCB7 /* GitTest.app */ = {isa = PBXFileReference; explicitFileType = wrapper.application; includeInIndex = 0; path = GitTest.app; sourceTree = BUILT_PRODUCTS_DIR; };
		564D3B941D34D3460070CCB7 /* AppDelegate.swift */ = {isa = PBXFileReference; lastKnownFileType = sourcecode.swift; path = AppDelegate.swift; sourceTree = "<group>"; };
		564D3B961D34D3460070CCB7 /* ViewController.swift */ = {isa = PBXFileReference; lastKnownFileType = sourcecode.swift; path = ViewController.swift; sourceTree = "<group>"; };
		564D3B991D34D3460070CCB7 /* Base */ = {isa = PBXFileReference; lastKnownFileType = file.storyboard; name = Base; path = Base.lproj/Main.storyboard; sourceTree = "<group>"; };
		564D3B9C1D34D3460070CCB7 /* GitTest.xcdatamodel */ = {isa = PBXFileReference; lastKnownFileType = wrapper.xcdatamodel; path = GitTest.xcdatamodel; sourceTree = "<group>"; };
		564D3B9E1D34D3460070CCB7 /* Assets.xcassets */ = {isa = PBXFileReference; lastKnownFileType = folder.assetcatalog; path = Assets.xcassets; sourceTree = "<group>"; };
		564D3BA11D34D3460070CCB7 /* Base */ = {isa = PBXFileReference; lastKnownFileType = file.storyboard; name = Base; path = Base.lproj/LaunchScreen.storyboard; sourceTree = "<group>"; };
		564D3BA31D34D3460070CCB7 /* Info.plist */ = {isa = PBXFileReference; lastKnownFileType = text.plist.xml; path = Info.plist; sourceTree = "<group>"; };
/* End PBXFileReference section */

/* Begin PBXFrameworksBuildPhase section */
		564D3B8E1D34D3460070CCB7 /* Frameworks */ = {
			isa = PBXFrameworksBuildPhase;
			buildActionMask = 2147483647;
			files = (
			);
			runOnlyForDeploymentPostprocessing = 0;
		};
/* End PBXFrameworksBuildPhase section */

/* Begin PBXGroup section */
		564D3B881D34D3460070CCB7 = {
			isa = PBXGroup;
			children = (
				564D3B931D34D3460070CCB7 /* GitTest */,
				564D3B921D34D3460070CCB7 /* Products */,
			);
			sourceTree = "<group>";
		};
		564D3B921D34D3460070CCB7 /* Products */ = {
			isa = PBXGroup;
			children = (
				564D3B911D34D3460070CCB7 /* GitTest.app */,
			);
			name = Products;
			sourceTree = "<group>";
		};
		564D3B931D34D3460070CCB7 /* GitTest */ = {
			isa = PBXGroup;
			children = (
				564D3B941D34D3460070CCB7 /* AppDelegate.swift */,
				564D3B961D34D3460070CCB7 /* ViewController.swift */,
				564D3B981D34D3460070CCB7 /* Main.storyboard */,
				564D3B9E1D34D3460070CCB7 /* Assets.xcassets */,
				564D3BA01D34D3460070CCB7 /* LaunchScreen.storyboard */,
				564D3BA31D34D3460070CCB7 /* Info.plist */,
				564D3B9B1D34D3460070CCB7 /* GitTest.xcdatamodeld */,
			);
			path = GitTest;
			sourceTree = "<group>";
		};
/* End PBXGroup section */

/* Begin PBXNativeTarget section */
		564D3B901D34D3460070CCB7 /* GitTest */ = {
			isa = PBXNativeTarget;
			buildConfigurationList = 564D3BA61D34D3460070CCB7 /* Build configuration list for PBXNativeTarget "GitTest" */;
			buildPhases = (
				564D3B8D1D34D3460070CCB7 /* Sources */,
				564D3B8E1D34D3460070CCB7 /* Frameworks */,
				564D3B8F1D34D3460070CCB7 /* Resources */,
			);
			buildRules = (
			);
			dependencies = (
			);
			name = GitTest;
			productName = GitTest;
			productReference = 564D3B911D34D3460070CCB7 /* GitTest.app */;
			productType = "com.apple.product-type.application";
		};
/* End PBXNativeTarget section */

/* Begin PBXProject section */
		564D3B891D34D3460070CCB7 /* Project object */ = {
			isa = PBXProject;
			attributes = {
				LastSwiftUpdateCheck = 0730;
				LastUpgradeCheck = 0730;
				ORGANIZATIONNAME = greg;
				TargetAttributes = {
					564D3B901D34D3460070CCB7 = {
						CreatedOnToolsVersion = 7.3.1;
					};
				};
			};
			buildConfigurationList = 564D3B8C1D34D3460070CCB7 /* Build configuration list for PBXProject "GitTest" */;
			compatibilityVersion = "Xcode 3.2";
			developmentRegion = English;
			hasScannedForEncodings = 0;
			knownRegions = (
				en,
				Base,
			);
			mainGroup = 564D3B881D34D3460070CCB7;
			productRefGroup = 564D3B921D34D3460070CCB7 /* Products */;
			projectDirPath = "";
			projectRoot = "";
			targets = (
				564D3B901D34D3460070CCB7 /* GitTest */,
			);
		};
/* End PBXProject section */

/* Begin PBXResourcesBuildPhase section */
		564D3B8F1D34D3460070CCB7 /* Resources */ = {
			isa = PBXResourcesBuildPhase;
			buildActionMask = 2147483647;
			files = (
				564D3BA21D34D3460070CCB7 /* LaunchScreen.storyboard in Resources */,
				564D3B9F1D34D3460070CCB7 /* Assets.xcassets in Resources */,
				564D3B9A1D34D3460070CCB7 /* Main.storyboard in Resources */,
			);
			runOnlyForDeploymentPostprocessing = 0;
		};
/* End PBXResourcesBuildPhase section */

/* Begin PBXSourcesBuildPhase section */
		564D3B8D1D34D3460070CCB7 /* Sources */ = {
			isa = PBXSourcesBuildPhase;
			buildActionMask = 2147483647;
			files = (
				564D3B9D1D34D3460070CCB7 /* GitTest.xcdatamodeld in Sources */,
				564D3B971D34D3460070CCB7 /* ViewController.swift in Sources */,
				564D3B951D34D3460070CCB7 /* AppDelegate.swift in Sources */,
			);
			runOnlyForDeploymentPostprocessing = 0;
		};
/* End PBXSourcesBuildPhase section */

/* Begin PBXVariantGroup section */
		564D3B981D34D3460070CCB7 /* Main.storyboard */ = {
			isa = PBXVariantGroup;
			children = (
				564D3B991D34D3460070CCB7 /* Base */,
			);
			name = Main.storyboard;
			sourceTree = "<group>";
		};
		564D3BA01D34D3460070CCB7 /* LaunchScreen.storyboard */ = {
			isa = PBXVariantGroup;
			children = (
				564D3BA11D34D3460070CCB7 /* Base */,
			);
			name = LaunchScreen.storyboard;
			sourceTree = "<group>";
		};
/* End PBXVariantGroup section */

/* Begin XCBuildConfiguration section */
		564D3BA41D34D3460070CCB7 /* Debug */ = {
			isa = XCBuildConfiguration;
			buildSettings = {
				ALWAYS_SEARCH_USER_PATHS = NO;
				CLANG_ANALYZER_NONNULL = YES;
				CLANG_CXX_LANGUAGE_STANDARD = "gnu++0x";
				CLANG_CXX_LIBRARY = "libc++";
				CLANG_ENABLE_MODULES = YES;
				CLANG_ENABLE_OBJC_ARC = YES;
				CLANG_WARN_BOOL_CONVERSION = YES;
				CLANG_WARN_CONSTANT_CONVERSION = YES;
				CLANG_WARN_DIRECT_OBJC_ISA_USAGE = YES_ERROR;
				CLANG_WARN_EMPTY_BODY = YES;
				CLANG_WARN_ENUM_CONVERSION = YES;
				CLANG_WARN_INT_CONVERSION = YES;
				CLANG_WARN_OBJC_ROOT_CLASS = YES_ERROR;
				CLANG_WARN_UNREACHABLE_CODE = YES;
				CLANG_WARN__DUPLICATE_METHOD_MATCH = YES;
				"CODE_SIGN_IDENTITY[sdk=iphoneos*]" = "iPhone Developer";
				COPY_PHASE_STRIP = NO;
				DEBUG_INFORMATION_FORMAT = dwarf;
				ENABLE_STRICT_OBJC_MSGSEND = YES;
				ENABLE_TESTABILITY = YES;
				GCC_C_LANGUAGE_STANDARD = gnu99;
				GCC_DYNAMIC_NO_PIC = NO;
				GCC_NO_COMMON_BLOCKS = YES;
				GCC_OPTIMIZATION_LEVEL = 0;
				GCC_PREPROCESSOR_DEFINITIONS = (
					"DEBUG=1",
					"$(inherited)",
				);
				GCC_WARN_64_TO_32_BIT_CONVERSION = YES;
				GCC_WARN_ABOUT_RETURN_TYPE = YES_ERROR;
				GCC_WARN_UNDECLARED_SELECTOR = YES;
				GCC_WARN_UNINITIALIZED_AUTOS = YES_AGGRESSIVE;
				GCC_WARN_UNUSED_FUNCTION = YES;
				GCC_WARN_UNUSED_VARIABLE = YES;
				IPHONEOS_DEPLOYMENT_TARGET = 9.3;
				MTL_ENABLE_DEBUG_INFO = YES;
				ONLY_ACTIVE_ARCH = YES;
				SDKROOT = iphoneos;
				SWIFT_OPTIMIZATION_LEVEL = "-Onone";
			};
			name = Debug;
		};
		564D3BA51D34D3460070CCB7 /* Release */ = {
			isa = XCBuildConfiguration;
			buildSettings = {
				ALWAYS_SEARCH_USER_PATHS = NO;
				CLANG_ANALYZER_NONNULL = YES;
				CLANG_CXX_LANGUAGE_STANDARD = "gnu++0x";
				CLANG_CXX_LIBRARY = "libc++";
				CLANG_ENABLE_MODULES = YES;
				CLANG_ENABLE_OBJC_ARC = YES;
				CLANG_WARN_BOOL_CONVERSION = YES;
				CLANG_WARN_CONSTANT_CONVERSION = YES;
				CLANG_WARN_DIRECT_OBJC_ISA_USAGE = YES_ERROR;
				CLANG_WARN_EMPTY_BODY = YES;
				CLANG_WARN_ENUM_CONVERSION = YES;
				CLANG_WARN_INT_CONVERSION = YES;
				CLANG_WARN_OBJC_ROOT_CLASS = YES_ERROR;
				CLANG_WARN_UNREACHABLE_CODE = YES;
				CLANG_WARN__DUPLICATE_METHOD_MATCH = YES;
				"CODE_SIGN_IDENTITY[sdk=iphoneos*]" = "iPhone Developer";
				COPY_PHASE_STRIP = NO;
				DEBUG_INFORMATION_FORMAT = "dwarf-with-dsym";
				ENABLE_NS_ASSERTIONS = NO;
				ENABLE_STRICT_OBJC_MSGSEND = YES;
				GCC_C_LANGUAGE_STANDARD = gnu99;
				GCC_NO_COMMON_BLOCKS = YES;
				GCC_WARN_64_TO_32_BIT_CONVERSION = YES;
				GCC_WARN_ABOUT_RETURN_TYPE = YES_ERROR;
				GCC_WARN_UNDECLARED_SELECTOR = YES;
				GCC_WARN_UNINITIALIZED_AUTOS = YES_AGGRESSIVE;
				GCC_WARN_UNUSED_FUNCTION = YES;
				GCC_WARN_UNUSED_VARIABLE = YES;
				IPHONEOS_DEPLOYMENT_TARGET = 9.3;
				MTL_ENABLE_DEBUG_INFO = NO;
				SDKROOT = iphoneos;
				VALIDATE_PRODUCT = YES;
			};
			name = Release;
		};
		564D3BA71D34D3460070CCB7 /* Debug */ = {
			isa = XCBuildConfiguration;
			buildSettings = {
				ASSETCATALOG_COMPILER_APPICON_NAME = AppIcon;
				INFOPLIST_FILE = GitTest/Info.plist;
				LD_RUNPATH_SEARCH_PATHS = "$(inherited) @executable_path/Frameworks";
				PRODUCT_BUNDLE_IDENTIFIER = com.ubc.vib.GitTest;
				PRODUCT_NAME = "$(TARGET_NAME)";
			};
			name = Debug;
		};
		564D3BA81D34D3460070CCB7 /* Release */ = {
			isa = XCBuildConfiguration;
			buildSettings = {
				ASSETCATALOG_COMPILER_APPICON_NAME = AppIcon;
				INFOPLIST_FILE = GitTest/Info.plist;
				LD_RUNPATH_SEARCH_PATHS = "$(inherited) @executable_path/Frameworks";
				PRODUCT_BUNDLE_IDENTIFIER = com.ubc.vib.GitTest;
				PRODUCT_NAME = "$(TARGET_NAME)";
			};
			name = Release;
		};
/* End XCBuildConfiguration section */

/* Begin XCConfigurationList section */
		564D3B8C1D34D3460070CCB7 /* Build configuration list for PBXProject "GitTest" */ = {
			isa = XCConfigurationList;
			buildConfigurations = (
				564D3BA41D34D3460070CCB7 /* Debug */,
				564D3BA51D34D3460070CCB7 /* Release */,
			);
			defaultConfigurationIsVisible = 0;
			defaultConfigurationName = Release;
		};
		564D3BA61D34D3460070CCB7 /* Build configuration list for PBXNativeTarget "GitTest" */ = {
			isa = XCConfigurationList;
			buildConfigurations = (
				564D3BA71D34D3460070CCB7 /* Debug */,
				564D3BA81D34D3460070CCB7 /* Release */,
			);
			defaultConfigurationIsVisible = 0;
		};
/* End XCConfigurationList section */

/* Begin XCVersionGroup section */
		564D3B9B1D34D3460070CCB7 /* GitTest.xcdatamodeld */ = {
			isa = XCVersionGroup;
			children = (
				564D3B9C1D34D3460070CCB7 /* GitTest.xcdatamodel */,
			);
			currentVersion = 564D3B9C1D34D3460070CCB7 /* GitTest.xcdatamodel */;
			path = GitTest.xcdatamodeld;
			sourceTree = "<group>";
			versionGroupType = wrapper.xcdatamodel;
		};
/* End XCVersionGroup section */
	};
	rootObject = 564D3B891D34D3460070CCB7 /* Project object */;
}
